
Microsoft Visual Studio Solution File, Format Version 12.00
# Visual Studio 14
VisualStudioVersion = 14.0.25420.1
MinimumVisualStudioVersion = 10.0.40219.1
Project("{2150E333-8FDC-42A3-9474-1A3956D46DE8}") = "src", "src", "{0C3BF7F6-01EC-4E70-B2A1-545649D8AC80}"
EndProject
Project("{2150E333-8FDC-42A3-9474-1A3956D46DE8}") = "Solution Items", "Solution Items", "{DCD7B0B3-36F0-40C4-9AB3-EC663A42A8CF}"
	ProjectSection(SolutionItems) = preProject
		build.bat = build.bat
		global.json = global.json
		public.sql = public.sql
	EndProjectSection
EndProject
Project("{8BB2217D-0F2D-49D1-97BC-3654ED321F3B}") = "Common", "src\Common\Common.xproj", "{7A3CE10D-801C-49E0-88A3-716CD8809781}"
EndProject
Project("{8BB2217D-0F2D-49D1-97BC-3654ED321F3B}") = "aaa.db", "src\aaa.db\aaa.db.xproj", "{096ED87F-3380-4B33-B241-D4124EAD3F98}"
EndProject
Project("{2150E333-8FDC-42A3-9474-1A3956D46DE8}") = "Module", "Module", "{86D85798-15BE-49BA-8D5A-81D056F8B7FB}"
EndProject
Project("{8BB2217D-0F2D-49D1-97BC-3654ED321F3B}") = "Infrastructure", "src\Infrastructure\Infrastructure.xproj", "{5E533A45-D49F-40B8-96CD-FB9D02412652}"
EndProject
Project("{8BB2217D-0F2D-49D1-97BC-3654ED321F3B}") = "WebHost", "src\WebHost\WebHost.xproj", "{5E533A45-D40F-40B8-96CD-FC9D02412652}"
EndProject
Project("{8BB2217D-0F2D-49D1-97BC-3654ED321F3B}") = "Admin", "src\Module\Admin\Admin.xproj", "{5E533A4A-D49F-40B8-96CD-FB9D02412650}"
EndProject
Project("{8BB2217D-0F2D-49D1-97BC-3654ED321F3B}") = "Order", "src\Module\Order\Order.xproj", "{5E533B45-D79F-40B8-96CD-FB9D02411252}"
EndProject
Project("{8BB2217D-0F2D-49D1-97BC-3654ED321F3B}") = "Search", "src\Module\Search\Search.xproj", "{5E533A45-D48F-40B8-96CD-FB9D02472652}"
EndProject
Project("{2150E333-8FDC-42A3-9474-1A3956D46DE8}") = "test", "test", "{78E9A54A-EDAC-4DB1-BF3A-54F1891A7D5E}"
EndProject
Global
	GlobalSection(SolutionConfigurationPlatforms) = preSolution
		Debug|Any CPU = Debug|Any CPU
		Release|Any CPU = Release|Any CPU
	EndGlobalSection
	GlobalSection(ProjectConfigurationPlatforms) = postSolution
		{7A3CE10D-801C-49E0-88A3-716CD8809781}.Debug|Any CPU.ActiveCfg = Debug|Any CPU
		{7A3CE10D-801C-49E0-88A3-716CD8809781}.Debug|Any CPU.Build.0 = Debug|Any CPU
		{7A3CE10D-801C-49E0-88A3-716CD8809781}.Release|Any CPU.ActiveCfg = Release|Any CPU
		{7A3CE10D-801C-49E0-88A3-716CD8809781}.Release|Any CPU.Build.0 = Release|Any CPU
		{096ED87F-3380-4B33-B241-D4124EAD3F98}.Debug|Any CPU.ActiveCfg = Debug|Any CPU
		{096ED87F-3380-4B33-B241-D4124EAD3F98}.Debug|Any CPU.Build.0 = Debug|Any CPU
		{096ED87F-3380-4B33-B241-D4124EAD3F98}.Release|Any CPU.ActiveCfg = Release|Any CPU
		{096ED87F-3380-4B33-B241-D4124EAD3F98}.Release|Any CPU.Build.0 = Release|Any CPU
		{5E533A45-D49F-40B8-96CD-FB9D02412652}.Debug|Any CPU.ActiveCfg = Debug|Any CPU
		{5E533A45-D49F-40B8-96CD-FB9D02412652}.Debug|Any CPU.Build.0 = Debug|Any CPU
		{5E533A45-D49F-40B8-96CD-FB9D02412652}.Release|Any CPU.ActiveCfg = Release|Any CPU
		{5E533A45-D49F-40B8-96CD-FB9D02412652}.Release|Any CPU.Build.0 = Release|Any CPU
		{5E533A45-D40F-40B8-96CD-FC9D02412652}.Debug|Any CPU.ActiveCfg = Debug|Any CPU
		{5E533A45-D40F-40B8-96CD-FC9D02412652}.Debug|Any CPU.Build.0 = Debug|Any CPU
		{5E533A45-D40F-40B8-96CD-FC9D02412652}.Release|Any CPU.ActiveCfg = Release|Any CPU
		{5E533A45-D40F-40B8-96CD-FC9D02412652}.Release|Any CPU.Build.0 = Release|Any CPU
		{5E533A4A-D49F-40B8-96CD-FB9D02412650}.Debug|Any CPU.ActiveCfg = Debug|Any CPU
		{5E533A4A-D49F-40B8-96CD-FB9D02412650}.Debug|Any CPU.Build.0 = Debug|Any CPU
		{5E533A4A-D49F-40B8-96CD-FB9D02412650}.Release|Any CPU.ActiveCfg = Release|Any CPU
		{5E533A4A-D49F-40B8-96CD-FB9D02412650}.Release|Any CPU.Build.0 = Release|Any CPU
		{5E533B45-D79F-40B8-96CD-FB9D02411252}.Debug|Any CPU.ActiveCfg = Debug|Any CPU
		{5E533B45-D79F-40B8-96CD-FB9D02411252}.Debug|Any CPU.Build.0 = Debug|Any CPU
		{5E533B45-D79F-40B8-96CD-FB9D02411252}.Release|Any CPU.ActiveCfg = Release|Any CPU
		{5E533B45-D79F-40B8-96CD-FB9D02411252}.Release|Any CPU.Build.0 = Release|Any CPU
		{5E533A45-D48F-40B8-96CD-FB9D02472652}.Debug|Any CPU.ActiveCfg = Debug|Any CPU
		{5E533A45-D48F-40B8-96CD-FB9D02472652}.Debug|Any CPU.Build.0 = Debug|Any CPU
		{5E533A45-D48F-40B8-96CD-FB9D02472652}.Release|Any CPU.ActiveCfg = Release|Any CPU
		{5E533A45-D48F-40B8-96CD-FB9D02472652}.Release|Any CPU.Build.0 = Release|Any CPU
	EndGlobalSection
	GlobalSection(SolutionProperties) = preSolution
		HideSolutionNode = FALSE
	EndGlobalSection
	GlobalSection(NestedProjects) = preSolution
		{7A3CE10D-801C-49E0-88A3-716CD8809781} = {0C3BF7F6-01EC-4E70-B2A1-545649D8AC80}
		{096ED87F-3380-4B33-B241-D4124EAD3F98} = {0C3BF7F6-01EC-4E70-B2A1-545649D8AC80}
		{86D85798-15BE-49BA-8D5A-81D056F8B7FB} = {0C3BF7F6-01EC-4E70-B2A1-545649D8AC80}
		{5E533A45-D49F-40B8-96CD-FB9D02412652} = {0C3BF7F6-01EC-4E70-B2A1-545649D8AC80}
		{5E533A45-D40F-40B8-96CD-FC9D02412652} = {0C3BF7F6-01EC-4E70-B2A1-545649D8AC80}
		{5E533A4A-D49F-40B8-96CD-FB9D02412650} = {86D85798-15BE-49BA-8D5A-81D056F8B7FB}
		{5E533B45-D79F-40B8-96CD-FB9D02411252} = {86D85798-15BE-49BA-8D5A-81D056F8B7FB}
		{5E533A45-D48F-40B8-96CD-FB9D02472652} = {86D85798-15BE-49BA-8D5A-81D056F8B7FB}
	EndGlobalSection
EndGlobal
